
Microsoft Visual Studio Solution File, Format Version 12.00
# Visual Studio Version 17
VisualStudioVersion = 17.1.32228.430
MinimumVisualStudioVersion = 10.0.40219.1
Project("{FAE04EC0-301F-11D3-BF4B-00C04F79EFBC}") = "Github_Action_Template", "Github_Action_Template.csproj", "{6E6E48E0-E510-44F0-9D32-C4A13BA83727}"
EndProject
Global
	GlobalSection(SolutionConfigurationPlatforms) = preSolution
		Debug|Any CPU = Debug|Any CPU
		Release|Any CPU = Release|Any CPU
	EndGlobalSection
	GlobalSection(ProjectConfigurationPlatforms) = postSolution
		{6E6E48E0-E510-44F0-9D32-C4A13BA83727}.Debug|Any CPU.ActiveCfg = Debug|Any CPU
		{6E6E48E0-E510-44F0-9D32-C4A13BA83727}.Debug|Any CPU.Build.0 = Debug|Any CPU
		{6E6E48E0-E510-44F0-9D32-C4A13BA83727}.Release|Any CPU.ActiveCfg = Release|Any CPU
		{6E6E48E0-E510-44F0-9D32-C4A13BA83727}.Release|Any CPU.Build.0 = Release|Any CPU
	EndGlobalSection
	GlobalSection(SolutionProperties) = preSolution
		HideSolutionNode = FALSE
	EndGlobalSection
	GlobalSection(ExtensibilityGlobals) = postSolution
		SolutionGuid = {ADE74EF1-1A43-4646-B2E1-63591DDCC7F5}
	EndGlobalSection
EndGlobal
